
Microsoft Visual Studio Solution File, Format Version 12.00
Project("{FAE04EC0-301F-11D3-BF4B-00C04F79EFBC}") = "Otus.Service", "src\Otus.Service\Otus.Service.csproj", "{D51779A5-5A18-46AC-AA18-E8CF5A233582}"
EndProject
Project("{2150E333-8FDC-42A3-9474-1A3956D46DE8}") = "src", "src", "{FA6FE289-3E03-4B87-BF3A-76A0DE069C0B}"
EndProject
Project("{FAE04EC0-301F-11D3-BF4B-00C04F79EFBC}") = "Otus.Domain", "src\Otus.Domain\Otus.Domain.csproj", "{8F266612-E720-45E5-A841-33754146865C}"
EndProject
Project("{FAE04EC0-301F-11D3-BF4B-00C04F79EFBC}") = "Otus.Core", "src\Otus.Core\Otus.Core.csproj", "{A7184D27-EB53-4F46-BCA4-4ED401FC9596}"
EndProject
Project("{FAE04EC0-301F-11D3-BF4B-00C04F79EFBC}") = "Otus.DataAccess", "src\Otus.DataAccess\Otus.DataAccess.csproj", "{530DCE35-19CE-4253-A6A9-DB8DE2FB82AA}"
EndProject
Project("{FAE04EC0-301F-11D3-BF4B-00C04F79EFBC}") = "Otus.Postgres", "src\Otus.Postgres\Otus.Postgres.csproj", "{123D5681-DD55-4E56-935F-E822C435A884}"
EndProject
Project("{FAE04EC0-301F-11D3-BF4B-00C04F79EFBC}") = "Otus.Contracts", "src\Otus.Contracts\Otus.Contracts.csproj", "{290B4271-8812-4402-8762-69FF98CCDE38}"
EndProject
Global
	GlobalSection(SolutionConfigurationPlatforms) = preSolution
		Debug|Any CPU = Debug|Any CPU
		Release|Any CPU = Release|Any CPU
	EndGlobalSection
	GlobalSection(ProjectConfigurationPlatforms) = postSolution
		{D51779A5-5A18-46AC-AA18-E8CF5A233582}.Debug|Any CPU.ActiveCfg = Debug|Any CPU
		{D51779A5-5A18-46AC-AA18-E8CF5A233582}.Debug|Any CPU.Build.0 = Debug|Any CPU
		{D51779A5-5A18-46AC-AA18-E8CF5A233582}.Release|Any CPU.ActiveCfg = Release|Any CPU
		{D51779A5-5A18-46AC-AA18-E8CF5A233582}.Release|Any CPU.Build.0 = Release|Any CPU
		{8F266612-E720-45E5-A841-33754146865C}.Debug|Any CPU.ActiveCfg = Debug|Any CPU
		{8F266612-E720-45E5-A841-33754146865C}.Debug|Any CPU.Build.0 = Debug|Any CPU
		{8F266612-E720-45E5-A841-33754146865C}.Release|Any CPU.ActiveCfg = Release|Any CPU
		{8F266612-E720-45E5-A841-33754146865C}.Release|Any CPU.Build.0 = Release|Any CPU
		{A7184D27-EB53-4F46-BCA4-4ED401FC9596}.Debug|Any CPU.ActiveCfg = Debug|Any CPU
		{A7184D27-EB53-4F46-BCA4-4ED401FC9596}.Debug|Any CPU.Build.0 = Debug|Any CPU
		{A7184D27-EB53-4F46-BCA4-4ED401FC9596}.Release|Any CPU.ActiveCfg = Release|Any CPU
		{A7184D27-EB53-4F46-BCA4-4ED401FC9596}.Release|Any CPU.Build.0 = Release|Any CPU
		{530DCE35-19CE-4253-A6A9-DB8DE2FB82AA}.Debug|Any CPU.ActiveCfg = Debug|Any CPU
		{530DCE35-19CE-4253-A6A9-DB8DE2FB82AA}.Debug|Any CPU.Build.0 = Debug|Any CPU
		{530DCE35-19CE-4253-A6A9-DB8DE2FB82AA}.Release|Any CPU.ActiveCfg = Release|Any CPU
		{530DCE35-19CE-4253-A6A9-DB8DE2FB82AA}.Release|Any CPU.Build.0 = Release|Any CPU
		{123D5681-DD55-4E56-935F-E822C435A884}.Debug|Any CPU.ActiveCfg = Debug|Any CPU
		{123D5681-DD55-4E56-935F-E822C435A884}.Debug|Any CPU.Build.0 = Debug|Any CPU
		{123D5681-DD55-4E56-935F-E822C435A884}.Release|Any CPU.ActiveCfg = Release|Any CPU
		{123D5681-DD55-4E56-935F-E822C435A884}.Release|Any CPU.Build.0 = Release|Any CPU
		{290B4271-8812-4402-8762-69FF98CCDE38}.Debug|Any CPU.ActiveCfg = Debug|Any CPU
		{290B4271-8812-4402-8762-69FF98CCDE38}.Debug|Any CPU.Build.0 = Debug|Any CPU
		{290B4271-8812-4402-8762-69FF98CCDE38}.Release|Any CPU.ActiveCfg = Release|Any CPU
		{290B4271-8812-4402-8762-69FF98CCDE38}.Release|Any CPU.Build.0 = Release|Any CPU
	EndGlobalSection
	GlobalSection(NestedProjects) = preSolution
		{D51779A5-5A18-46AC-AA18-E8CF5A233582} = {FA6FE289-3E03-4B87-BF3A-76A0DE069C0B}
		{8F266612-E720-45E5-A841-33754146865C} = {FA6FE289-3E03-4B87-BF3A-76A0DE069C0B}
		{A7184D27-EB53-4F46-BCA4-4ED401FC9596} = {FA6FE289-3E03-4B87-BF3A-76A0DE069C0B}
		{530DCE35-19CE-4253-A6A9-DB8DE2FB82AA} = {FA6FE289-3E03-4B87-BF3A-76A0DE069C0B}
		{123D5681-DD55-4E56-935F-E822C435A884} = {FA6FE289-3E03-4B87-BF3A-76A0DE069C0B}
		{290B4271-8812-4402-8762-69FF98CCDE38} = {FA6FE289-3E03-4B87-BF3A-76A0DE069C0B}
	EndGlobalSection
EndGlobal
